<?xml version="1.0" encoding="utf-8"?>
<Project ToolsVersion="4.0" xmlns="http://schemas.microsoft.com/developer/msbuild/2003">
  <ItemGroup>
    <Filter Include="Source Files">
      <UniqueIdentifier>{4FC737F1-C7A5-4376-A066-2A32D752A2FF}</UniqueIdentifier>
      <Extensions>cpp;c;cc;cxx;c++;cppm;ixx;def;odl;idl;hpj;bat;asm;asmx</Extensions>
    </Filter>
    <Filter Include="Header Files">
      <UniqueIdentifier>{93995380-89BD-4b04-88EB-625FBE52EBFB}</UniqueIdentifier>
      <Extensions>h;hh;hpp;hxx;h++;hm;inl;inc;ipp;xsd</Extensions>
    </Filter>
    <Filter Include="Resource Files">
      <UniqueIdentifier>{67DA6AB6-F800-4c08-8B7A-83BB121AAD01}</UniqueIdentifier>
      <Extensions>rc;ico;cur;bmp;dlg;rc2;rct;bin;rgs;gif;jpg;jpeg;jpe;resx;tiff;tif;png;wav;mfcribbon-ms</Extensions>
    </Filter>
    <Filter Include="Header Files\Content">
      <UniqueIdentifier>{03a98124-e87b-49b0-847b-9f1b7a0c6ac8}</UniqueIdentifier>
    </Filter>
    <Filter Include="Header Files\Popup_Model">
      <UniqueIdentifier>{a738e429-071e-45c8-850e-a658a596f870}</UniqueIdentifier>
    </Filter>
  </ItemGroup>
  <ItemGroup>
    <ClCompile Include="GAME_CENTER.cpp">
      <Filter>Source Files</Filter>
    </ClCompile>
  </ItemGroup>
  <ItemGroup>
    <ClInclude Include="GAME_CENTER.h">
      <Filter>Header Files</Filter>
    </ClInclude>
    <ClInclude Include="Landing.h">
      <Filter>Header Files\Content</Filter>
    </ClInclude>
    <ClInclude Include="Login.h">
      <Filter>Header Files\Content</Filter>
    </ClInclude>
    <ClInclude Include="Register.h">
      <Filter>Header Files\Content</Filter>
    </ClInclude>
    <ClInclude Include="DashBoard.h">
      <Filter>Header Files\Content</Filter>
    </ClInclude>
    <ClInclude Include="Credit.h">
      <Filter>Header Files\Content</Filter>
    </ClInclude>
    <ClInclude Include="Game.h">
      <Filter>Header Files\Content</Filter>
    </ClInclude>
    <ClInclude Include="Account.h">
      <Filter>Header Files\Content</Filter>
    </ClInclude>
    <ClInclude Include="resource.h">
      <Filter>Header Files</Filter>
    </ClInclude>
    <ClInclude Include="Game1.h">
      <Filter>Header Files\Content</Filter>
    </ClInclude>
    <ClInclude Include="CryptoUtils.h">
      <Filter>Header Files</Filter>
    </ClInclude>
    <ClInclude Include="User.h">
      <Filter>Header Files\Content</Filter>
    </ClInclude>
    <ClInclude Include="Admin.h">
      <Filter>Header Files\Content</Filter>
    </ClInclude>
    <ClInclude Include="Game2.h">
      <Filter>Header Files\Content</Filter>
    </ClInclude>
    <ClInclude Include="Game2_Char.h">
      <Filter>Header Files\Popup_Model</Filter>
    </ClInclude>
    <ClInclude Include="Dashboard_Admin.h">
      <Filter>Header Files\Content</Filter>
    </ClInclude>
    <ClInclude Include="ChangePass.h">
      <Filter>Header Files\Popup_Model</Filter>
    </ClInclude>
    <ClInclude Include="Player_Congratulation.h">
      <Filter>Header Files\Popup_Model</Filter>
    </ClInclude>
    <ClInclude Include="SettingManager.h">
      <Filter>Header Files</Filter>
    </ClInclude>
  </ItemGroup>
  <ItemGroup>
    <ResourceCompile Include="PBL_WORDLE_GAME.rc">
      <Filter>Resource Files</Filter>
    </ResourceCompile>
  </ItemGroup>
</Project>